// !$*UTF8*$!
{
	archiveVersion = 1;
	classes = {
	};
	objectVersion = 55;
	objects = {

/* Begin PBXBuildFile section */
		D12F1335273C924000615AFD /* VistaCeldaAlimentos.swift in Sources */ = {isa = PBXBuildFile; fileRef = D12F1334273C924000615AFD /* VistaCeldaAlimentos.swift */; };
		D12F1337273CAD2200615AFD /* InfoAlimentoviewControler.swift in Sources */ = {isa = PBXBuildFile; fileRef = D12F1336273CAD2200615AFD /* InfoAlimentoviewControler.swift */; };
		D13DC06E273C5CD300A4CA04 /* AppDelegate.swift in Sources */ = {isa = PBXBuildFile; fileRef = D13DC06D273C5CD300A4CA04 /* AppDelegate.swift */; };
		D13DC070273C5CD300A4CA04 /* SceneDelegate.swift in Sources */ = {isa = PBXBuildFile; fileRef = D13DC06F273C5CD300A4CA04 /* SceneDelegate.swift */; };
		D13DC072273C5CD300A4CA04 /* ViewController.swift in Sources */ = {isa = PBXBuildFile; fileRef = D13DC071273C5CD300A4CA04 /* ViewController.swift */; };
		D13DC075273C5CD300A4CA04 /* Main.storyboard in Resources */ = {isa = PBXBuildFile; fileRef = D13DC073273C5CD300A4CA04 /* Main.storyboard */; };
		D13DC077273C5CD300A4CA04 /* Assets.xcassets in Resources */ = {isa = PBXBuildFile; fileRef = D13DC076273C5CD300A4CA04 /* Assets.xcassets */; };
		D13DC07A273C5CD300A4CA04 /* LaunchScreen.storyboard in Resources */ = {isa = PBXBuildFile; fileRef = D13DC078273C5CD300A4CA04 /* LaunchScreen.storyboard */; };
		D13DC082273C5D6C00A4CA04 /* SMAE.json in Resources */ = {isa = PBXBuildFile; fileRef = D13DC081273C5D6C00A4CA04 /* SMAE.json */; };
		D13DC084273C5D7D00A4CA04 /* datos.swift in Sources */ = {isa = PBXBuildFile; fileRef = D13DC083273C5D7D00A4CA04 /* datos.swift */; };
		D13DC086273C5DB200A4CA04 /* Alimentos.swift in Sources */ = {isa = PBXBuildFile; fileRef = D13DC085273C5DB200A4CA04 /* Alimentos.swift */; };
		D16FBF63273C7E9500B5CA56 /* VistaCelda.swift in Sources */ = {isa = PBXBuildFile; fileRef = D16FBF62273C7E9500B5CA56 /* VistaCelda.swift */; };
		D16FBF65273C7FA800B5CA56 /* ViewAlimentos.swift in Sources */ = {isa = PBXBuildFile; fileRef = D16FBF64273C7FA800B5CA56 /* ViewAlimentos.swift */; };
		D1AE3336273CFED6009F98C1 /* ViewNosotros.swift in Sources */ = {isa = PBXBuildFile; fileRef = D1AE3335273CFED6009F98C1 /* ViewNosotros.swift */; };
/* End PBXBuildFile section */

/* Begin PBXFileReference section */
		D12F1334273C924000615AFD /* VistaCeldaAlimentos.swift */ = {isa = PBXFileReference; lastKnownFileType = sourcecode.swift; path = VistaCeldaAlimentos.swift; sourceTree = "<group>"; };
		D12F1336273CAD2200615AFD /* InfoAlimentoviewControler.swift */ = {isa = PBXFileReference; lastKnownFileType = sourcecode.swift; path = InfoAlimentoviewControler.swift; sourceTree = "<group>"; };
		D13DC06A273C5CD300A4CA04 /* Proyecto smae.app */ = {isa = PBXFileReference; explicitFileType = wrapper.application; includeInIndex = 0; path = "Proyecto smae.app"; sourceTree = BUILT_PRODUCTS_DIR; };
		D13DC06D273C5CD300A4CA04 /* AppDelegate.swift */ = {isa = PBXFileReference; lastKnownFileType = sourcecode.swift; path = AppDelegate.swift; sourceTree = "<group>"; };
		D13DC06F273C5CD300A4CA04 /* SceneDelegate.swift */ = {isa = PBXFileReference; lastKnownFileType = sourcecode.swift; path = SceneDelegate.swift; sourceTree = "<group>"; };
		D13DC071273C5CD300A4CA04 /* ViewController.swift */ = {isa = PBXFileReference; lastKnownFileType = sourcecode.swift; path = ViewController.swift; sourceTree = "<group>"; };
		D13DC074273C5CD300A4CA04 /* Base */ = {isa = PBXFileReference; lastKnownFileType = file.storyboard; name = Base; path = Base.lproj/Main.storyboard; sourceTree = "<group>"; };
		D13DC076273C5CD300A4CA04 /* Assets.xcassets */ = {isa = PBXFileReference; lastKnownFileType = folder.assetcatalog; path = Assets.xcassets; sourceTree = "<group>"; };
		D13DC079273C5CD300A4CA04 /* Base */ = {isa = PBXFileReference; lastKnownFileType = file.storyboard; name = Base; path = Base.lproj/LaunchScreen.storyboard; sourceTree = "<group>"; };
		D13DC07B273C5CD300A4CA04 /* Info.plist */ = {isa = PBXFileReference; lastKnownFileType = text.plist.xml; path = Info.plist; sourceTree = "<group>"; };
		D13DC081273C5D6C00A4CA04 /* SMAE.json */ = {isa = PBXFileReference; fileEncoding = 4; lastKnownFileType = text.json; path = SMAE.json; sourceTree = "<group>"; };
		D13DC083273C5D7D00A4CA04 /* datos.swift */ = {isa = PBXFileReference; fileEncoding = 4; lastKnownFileType = sourcecode.swift; path = datos.swift; sourceTree = "<group>"; };
		D13DC085273C5DB200A4CA04 /* Alimentos.swift */ = {isa = PBXFileReference; fileEncoding = 4; lastKnownFileType = sourcecode.swift; path = Alimentos.swift; sourceTree = "<group>"; };
		D16FBF62273C7E9500B5CA56 /* VistaCelda.swift */ = {isa = PBXFileReference; fileEncoding = 4; lastKnownFileType = sourcecode.swift; path = VistaCelda.swift; sourceTree = "<group>"; };
		D16FBF64273C7FA800B5CA56 /* ViewAlimentos.swift */ = {isa = PBXFileReference; lastKnownFileType = sourcecode.swift; path = ViewAlimentos.swift; sourceTree = "<group>"; };
		D1AE3335273CFED6009F98C1 /* ViewNosotros.swift */ = {isa = PBXFileReference; lastKnownFileType = sourcecode.swift; path = ViewNosotros.swift; sourceTree = "<group>"; };
/* End PBXFileReference section */

/* Begin PBXFrameworksBuildPhase section */
		D13DC067273C5CD300A4CA04 /* Frameworks */ = {
			isa = PBXFrameworksBuildPhase;
			buildActionMask = 2147483647;
			files = (
			);
			runOnlyForDeploymentPostprocessing = 0;
		};
/* End PBXFrameworksBuildPhase section */

/* Begin PBXGroup section */
		D13DC061273C5CD300A4CA04 = {
			isa = PBXGroup;
			children = (
				D13DC06C273C5CD300A4CA04 /* Proyecto smae */,
				D13DC06B273C5CD300A4CA04 /* Products */,
			);
			sourceTree = "<group>";
		};
		D13DC06B273C5CD300A4CA04 /* Products */ = {
			isa = PBXGroup;
			children = (
				D13DC06A273C5CD300A4CA04 /* Proyecto smae.app */,
			);
			name = Products;
			sourceTree = "<group>";
		};
		D13DC06C273C5CD300A4CA04 /* Proyecto smae */ = {
			isa = PBXGroup;
			children = (
				D16FBF62273C7E9500B5CA56 /* VistaCelda.swift */,
				D12F1334273C924000615AFD /* VistaCeldaAlimentos.swift */,
				D13DC085273C5DB200A4CA04 /* Alimentos.swift */,
				D13DC083273C5D7D00A4CA04 /* datos.swift */,
				D13DC081273C5D6C00A4CA04 /* SMAE.json */,
				D13DC06D273C5CD300A4CA04 /* AppDelegate.swift */,
				D13DC06F273C5CD300A4CA04 /* SceneDelegate.swift */,
				D13DC071273C5CD300A4CA04 /* ViewController.swift */,
				D13DC073273C5CD300A4CA04 /* Main.storyboard */,
				D13DC076273C5CD300A4CA04 /* Assets.xcassets */,
				D13DC078273C5CD300A4CA04 /* LaunchScreen.storyboard */,
				D13DC07B273C5CD300A4CA04 /* Info.plist */,
				D16FBF64273C7FA800B5CA56 /* ViewAlimentos.swift */,
				D12F1336273CAD2200615AFD /* InfoAlimentoviewControler.swift */,
				D1AE3335273CFED6009F98C1 /* ViewNosotros.swift */,
			);
			path = "Proyecto smae";
			sourceTree = "<group>";
		};
/* End PBXGroup section */

/* Begin PBXNativeTarget section */
		D13DC069273C5CD300A4CA04 /* Proyecto smae */ = {
			isa = PBXNativeTarget;
			buildConfigurationList = D13DC07E273C5CD300A4CA04 /* Build configuration list for PBXNativeTarget "Proyecto smae" */;
			buildPhases = (
				D13DC066273C5CD300A4CA04 /* Sources */,
				D13DC067273C5CD300A4CA04 /* Frameworks */,
				D13DC068273C5CD300A4CA04 /* Resources */,
			);
			buildRules = (
			);
			dependencies = (
			);
			name = "Proyecto smae";
			productName = "Proyecto smae";
			productReference = D13DC06A273C5CD300A4CA04 /* Proyecto smae.app */;
			productType = "com.apple.product-type.application";
		};
/* End PBXNativeTarget section */

/* Begin PBXProject section */
		D13DC062273C5CD300A4CA04 /* Project object */ = {
			isa = PBXProject;
			attributes = {
				BuildIndependentTargetsInParallel = 1;
				LastSwiftUpdateCheck = 1300;
				LastUpgradeCheck = 1300;
				TargetAttributes = {
					D13DC069273C5CD300A4CA04 = {
						CreatedOnToolsVersion = 13.0;
					};
				};
			};
			buildConfigurationList = D13DC065273C5CD300A4CA04 /* Build configuration list for PBXProject "Proyecto smae" */;
			compatibilityVersion = "Xcode 13.0";
			developmentRegion = en;
			hasScannedForEncodings = 0;
			knownRegions = (
				en,
				Base,
			);
			mainGroup = D13DC061273C5CD300A4CA04;
			productRefGroup = D13DC06B273C5CD300A4CA04 /* Products */;
			projectDirPath = "";
			projectRoot = "";
			targets = (
				D13DC069273C5CD300A4CA04 /* Proyecto smae */,
			);
		};
/* End PBXProject section */

/* Begin PBXResourcesBuildPhase section */
		D13DC068273C5CD300A4CA04 /* Resources */ = {
			isa = PBXResourcesBuildPhase;
			buildActionMask = 2147483647;
			files = (
				D13DC07A273C5CD300A4CA04 /* LaunchScreen.storyboard in Resources */,
				D13DC077273C5CD300A4CA04 /* Assets.xcassets in Resources */,
				D13DC075273C5CD300A4CA04 /* Main.storyboard in Resources */,
				D13DC082273C5D6C00A4CA04 /* SMAE.json in Resources */,
			);
			runOnlyForDeploymentPostprocessing = 0;
		};
/* End PBXResourcesBuildPhase section */

/* Begin PBXSourcesBuildPhase section */
		D13DC066273C5CD300A4CA04 /* Sources */ = {
			isa = PBXSourcesBuildPhase;
			buildActionMask = 2147483647;
			files = (
				D12F1335273C924000615AFD /* VistaCeldaAlimentos.swift in Sources */,
				D13DC072273C5CD300A4CA04 /* ViewController.swift in Sources */,
				D12F1337273CAD2200615AFD /* InfoAlimentoviewControler.swift in Sources */,
				D16FBF63273C7E9500B5CA56 /* VistaCelda.swift in Sources */,
				D13DC084273C5D7D00A4CA04 /* datos.swift in Sources */,
				D1AE3336273CFED6009F98C1 /* ViewNosotros.swift in Sources */,
				D13DC06E273C5CD300A4CA04 /* AppDelegate.swift in Sources */,
				D13DC070273C5CD300A4CA04 /* SceneDelegate.swift in Sources */,
				D16FBF65273C7FA800B5CA56 /* ViewAlimentos.swift in Sources */,
				D13DC086273C5DB200A4CA04 /* Alimentos.swift in Sources */,
			);
			runOnlyForDeploymentPostprocessing = 0;
		};
/* End PBXSourcesBuildPhase section */

/* Begin PBXVariantGroup section */
		D13DC073273C5CD300A4CA04 /* Main.storyboard */ = {
			isa = PBXVariantGroup;
			children = (
				D13DC074273C5CD300A4CA04 /* Base */,
			);
			name = Main.storyboard;
			sourceTree = "<group>";
		};
		D13DC078273C5CD300A4CA04 /* LaunchScreen.storyboard */ = {
			isa = PBXVariantGroup;
			children = (
				D13DC079273C5CD300A4CA04 /* Base */,
			);
			name = LaunchScreen.storyboard;
			sourceTree = "<group>";
		};
/* End PBXVariantGroup section */

/* Begin XCBuildConfiguration section */
		D13DC07C273C5CD300A4CA04 /* Debug */ = {
			isa = XCBuildConfiguration;
			buildSettings = {
				ALWAYS_SEARCH_USER_PATHS = NO;
				CLANG_ANALYZER_NONNULL = YES;
				CLANG_ANALYZER_NUMBER_OBJECT_CONVERSION = YES_AGGRESSIVE;
				CLANG_CXX_LANGUAGE_STANDARD = "gnu++17";
				CLANG_CXX_LIBRARY = "libc++";
				CLANG_ENABLE_MODULES = YES;
				CLANG_ENABLE_OBJC_ARC = YES;
				CLANG_ENABLE_OBJC_WEAK = YES;
				CLANG_WARN_BLOCK_CAPTURE_AUTORELEASING = YES;
				CLANG_WARN_BOOL_CONVERSION = YES;
				CLANG_WARN_COMMA = YES;
				CLANG_WARN_CONSTANT_CONVERSION = YES;
				CLANG_WARN_DEPRECATED_OBJC_IMPLEMENTATIONS = YES;
				CLANG_WARN_DIRECT_OBJC_ISA_USAGE = YES_ERROR;
				CLANG_WARN_DOCUMENTATION_COMMENTS = YES;
				CLANG_WARN_EMPTY_BODY = YES;
				CLANG_WARN_ENUM_CONVERSION = YES;
				CLANG_WARN_INFINITE_RECURSION = YES;
				CLANG_WARN_INT_CONVERSION = YES;
				CLANG_WARN_NON_LITERAL_NULL_CONVERSION = YES;
				CLANG_WARN_OBJC_IMPLICIT_RETAIN_SELF = YES;
				CLANG_WARN_OBJC_LITERAL_CONVERSION = YES;
				CLANG_WARN_OBJC_ROOT_CLASS = YES_ERROR;
				CLANG_WARN_QUOTED_INCLUDE_IN_FRAMEWORK_HEADER = YES;
				CLANG_WARN_RANGE_LOOP_ANALYSIS = YES;
				CLANG_WARN_STRICT_PROTOTYPES = YES;
				CLANG_WARN_SUSPICIOUS_MOVE = YES;
				CLANG_WARN_UNGUARDED_AVAILABILITY = YES_AGGRESSIVE;
				CLANG_WARN_UNREACHABLE_CODE = YES;
				CLANG_WARN__DUPLICATE_METHOD_MATCH = YES;
				COPY_PHASE_STRIP = NO;
				DEBUG_INFORMATION_FORMAT = dwarf;
				ENABLE_STRICT_OBJC_MSGSEND = YES;
				ENABLE_TESTABILITY = YES;
				GCC_C_LANGUAGE_STANDARD = gnu11;
				GCC_DYNAMIC_NO_PIC = NO;
				GCC_NO_COMMON_BLOCKS = YES;
				GCC_OPTIMIZATION_LEVEL = 0;
				GCC_PREPROCESSOR_DEFINITIONS = (
					"DEBUG=1",
					"$(inherited)",
				);
				GCC_WARN_64_TO_32_BIT_CONVERSION = YES;
				GCC_WARN_ABOUT_RETURN_TYPE = YES_ERROR;
				GCC_WARN_UNDECLARED_SELECTOR = YES;
				GCC_WARN_UNINITIALIZED_AUTOS = YES_AGGRESSIVE;
				GCC_WARN_UNUSED_FUNCTION = YES;
				GCC_WARN_UNUSED_VARIABLE = YES;
				IPHONEOS_DEPLOYMENT_TARGET = 15.0;
				MTL_ENABLE_DEBUG_INFO = INCLUDE_SOURCE;
				MTL_FAST_MATH = YES;
				ONLY_ACTIVE_ARCH = YES;
				SDKROOT = iphoneos;
				SWIFT_ACTIVE_COMPILATION_CONDITIONS = DEBUG;
				SWIFT_OPTIMIZATION_LEVEL = "-Onone";
			};
			name = Debug;
		};
		D13DC07D273C5CD300A4CA04 /* Release */ = {
			isa = XCBuildConfiguration;
			buildSettings = {
				ALWAYS_SEARCH_USER_PATHS = NO;
				CLANG_ANALYZER_NONNULL = YES;
				CLANG_ANALYZER_NUMBER_OBJECT_CONVERSION = YES_AGGRESSIVE;
				CLANG_CXX_LANGUAGE_STANDARD = "gnu++17";
				CLANG_CXX_LIBRARY = "libc++";
				CLANG_ENABLE_MODULES = YES;
				CLANG_ENABLE_OBJC_ARC = YES;
				CLANG_ENABLE_OBJC_WEAK = YES;
				CLANG_WARN_BLOCK_CAPTURE_AUTORELEASING = YES;
				CLANG_WARN_BOOL_CONVERSION = YES;
				CLANG_WARN_COMMA = YES;
				CLANG_WARN_CONSTANT_CONVERSION = YES;
				CLANG_WARN_DEPRECATED_OBJC_IMPLEMENTATIONS = YES;
				CLANG_WARN_DIRECT_OBJC_ISA_USAGE = YES_ERROR;
				CLANG_WARN_DOCUMENTATION_COMMENTS = YES;
				CLANG_WARN_EMPTY_BODY = YES;
				CLANG_WARN_ENUM_CONVERSION = YES;
				CLANG_WARN_INFINITE_RECURSION = YES;
				CLANG_WARN_INT_CONVERSION = YES;
				CLANG_WARN_NON_LITERAL_NULL_CONVERSION = YES;
				CLANG_WARN_OBJC_IMPLICIT_RETAIN_SELF = YES;
				CLANG_WARN_OBJC_LITERAL_CONVERSION = YES;
				CLANG_WARN_OBJC_ROOT_CLASS = YES_ERROR;
				CLANG_WARN_QUOTED_INCLUDE_IN_FRAMEWORK_HEADER = YES;
				CLANG_WARN_RANGE_LOOP_ANALYSIS = YES;
				CLANG_WARN_STRICT_PROTOTYPES = YES;
				CLANG_WARN_SUSPICIOUS_MOVE = YES;
				CLANG_WARN_UNGUARDED_AVAILABILITY = YES_AGGRESSIVE;
				CLANG_WARN_UNREACHABLE_CODE = YES;
				CLANG_WARN__DUPLICATE_METHOD_MATCH = YES;
				COPY_PHASE_STRIP = NO;
				DEBUG_INFORMATION_FORMAT = "dwarf-with-dsym";
				ENABLE_NS_ASSERTIONS = NO;
				ENABLE_STRICT_OBJC_MSGSEND = YES;
				GCC_C_LANGUAGE_STANDARD = gnu11;
				GCC_NO_COMMON_BLOCKS = YES;
				GCC_WARN_64_TO_32_BIT_CONVERSION = YES;
				GCC_WARN_ABOUT_RETURN_TYPE = YES_ERROR;
				GCC_WARN_UNDECLARED_SELECTOR = YES;
				GCC_WARN_UNINITIALIZED_AUTOS = YES_AGGRESSIVE;
				GCC_WARN_UNUSED_FUNCTION = YES;
				GCC_WARN_UNUSED_VARIABLE = YES;
				IPHONEOS_DEPLOYMENT_TARGET = 15.0;
				MTL_ENABLE_DEBUG_INFO = NO;
				MTL_FAST_MATH = YES;
				SDKROOT = iphoneos;
				SWIFT_COMPILATION_MODE = wholemodule;
				SWIFT_OPTIMIZATION_LEVEL = "-O";
				VALIDATE_PRODUCT = YES;
			};
			name = Release;
		};
		D13DC07F273C5CD300A4CA04 /* Debug */ = {
			isa = XCBuildConfiguration;
			buildSettings = {
				ASSETCATALOG_COMPILER_APPICON_NAME = AppIcon;
				ASSETCATALOG_COMPILER_GLOBAL_ACCENT_COLOR_NAME = AccentColor;
				CODE_SIGN_STYLE = Automatic;
				CURRENT_PROJECT_VERSION = 1;
				DEVELOPMENT_TEAM = 9QDXF859Y3;
				GENERATE_INFOPLIST_FILE = YES;
				INFOPLIST_FILE = "Proyecto smae/Info.plist";
				INFOPLIST_KEY_UIApplicationSupportsIndirectInputEvents = YES;
				INFOPLIST_KEY_UILaunchStoryboardName = LaunchScreen;
				INFOPLIST_KEY_UIMainStoryboardFile = Main;
				INFOPLIST_KEY_UISupportedInterfaceOrientations_iPad = "UIInterfaceOrientationPortrait UIInterfaceOrientationPortraitUpsideDown UIInterfaceOrientationLandscapeLeft UIInterfaceOrientationLandscapeRight";
				INFOPLIST_KEY_UISupportedInterfaceOrientations_iPhone = "UIInterfaceOrientationPortrait UIInterfaceOrientationLandscapeLeft UIInterfaceOrientationLandscapeRight";
				LD_RUNPATH_SEARCH_PATHS = (
					"$(inherited)",
					"@executable_path/Frameworks",
				);
				MARKETING_VERSION = 1.0;
				PRODUCT_BUNDLE_IDENTIFIER = "betu-more.Proyecto-smae";
				PRODUCT_NAME = "$(TARGET_NAME)";
				SWIFT_EMIT_LOC_STRINGS = YES;
				SWIFT_VERSION = 5.0;
				TARGETED_DEVICE_FAMILY = "1,2";
			};
			name = Debug;
		};
		D13DC080273C5CD300A4CA04 /* Release */ = {
			isa = XCBuildConfiguration;
			buildSettings = {
				ASSETCATALOG_COMPILER_APPICON_NAME = AppIcon;
				ASSETCATALOG_COMPILER_GLOBAL_ACCENT_COLOR_NAME = AccentColor;
				CODE_SIGN_STYLE = Automatic;
				CURRENT_PROJECT_VERSION = 1;
				DEVELOPMENT_TEAM = 9QDXF859Y3;
				GENERATE_INFOPLIST_FILE = YES;
				INFOPLIST_FILE = "Proyecto smae/Info.plist";
				INFOPLIST_KEY_UIApplicationSupportsIndirectInputEvents = YES;
				INFOPLIST_KEY_UILaunchStoryboardName = LaunchScreen;
				INFOPLIST_KEY_UIMainStoryboardFile = Main;
				INFOPLIST_KEY_UISupportedInterfaceOrientations_iPad = "UIInterfaceOrientationPortrait UIInterfaceOrientationPortraitUpsideDown UIInterfaceOrientationLandscapeLeft UIInterfaceOrientationLandscapeRight";
				INFOPLIST_KEY_UISupportedInterfaceOrientations_iPhone = "UIInterfaceOrientationPortrait UIInterfaceOrientationLandscapeLeft UIInterfaceOrientationLandscapeRight";
				LD_RUNPATH_SEARCH_PATHS = (
					"$(inherited)",
					"@executable_path/Frameworks",
				);
				MARKETING_VERSION = 1.0;
				PRODUCT_BUNDLE_IDENTIFIER = "betu-more.Proyecto-smae";
				PRODUCT_NAME = "$(TARGET_NAME)";
				SWIFT_EMIT_LOC_STRINGS = YES;
				SWIFT_VERSION = 5.0;
				TARGETED_DEVICE_FAMILY = "1,2";
			};
			name = Release;
		};
/* End XCBuildConfiguration section */

/* Begin XCConfigurationList section */
		D13DC065273C5CD300A4CA04 /* Build configuration list for PBXProject "Proyecto smae" */ = {
			isa = XCConfigurationList;
			buildConfigurations = (
				D13DC07C273C5CD300A4CA04 /* Debug */,
				D13DC07D273C5CD300A4CA04 /* Release */,
			);
			defaultConfigurationIsVisible = 0;
			defaultConfigurationName = Release;
		};
		D13DC07E273C5CD300A4CA04 /* Build configuration list for PBXNativeTarget "Proyecto smae" */ = {
			isa = XCConfigurationList;
			buildConfigurations = (
				D13DC07F273C5CD300A4CA04 /* Debug */,
				D13DC080273C5CD300A4CA04 /* Release */,
			);
			defaultConfigurationIsVisible = 0;
			defaultConfigurationName = Release;
		};
/* End XCConfigurationList section */
	};
	rootObject = D13DC062273C5CD300A4CA04 /* Project object */;
}
